
Microsoft Visual Studio Solution File, Format Version 12.00
# Visual Studio 14
VisualStudioVersion = 14.0.25420.1
MinimumVisualStudioVersion = 10.0.40219.1
Project("{2150E333-8FDC-42A3-9474-1A3956D46DE8}") = "Presentation", "Presentation", "{D8EA0A0B-D442-4932-AB9E-945DF14DB0E3}"
EndProject
Project("{FAE04EC0-301F-11D3-BF4B-00C04F79EFBC}") = "Claims.Web", "Presentation\Claims.Web\Claims.Web.csproj", "{32AC56B0-1B14-4A74-8CF9-6970BE9F1DC4}"
	ProjectSection(ProjectDependencies) = postProject
		{D91C9610-CC89-4E86-92CC-5794C3303B0B} = {D91C9610-CC89-4E86-92CC-5794C3303B0B}
		{688E4D9F-4693-4E82-87F7-ECA1C27BA443} = {688E4D9F-4693-4E82-87F7-ECA1C27BA443}
	EndProjectSection
EndProject
Project("{2150E333-8FDC-42A3-9474-1A3956D46DE8}") = "Core", "Core", "{D9DE6998-6552-4464-B5E9-64B6A3EC811F}"
EndProject
Project("{FAE04EC0-301F-11D3-BF4B-00C04F79EFBC}") = "Claims.Model", "Core\Claims.Model\Claims.Model.csproj", "{688E4D9F-4693-4E82-87F7-ECA1C27BA443}"
EndProject
Project("{2150E333-8FDC-42A3-9474-1A3956D46DE8}") = "Tests", "Tests", "{32D260A0-BB20-4E61-B3E6-642A96F9CE4D}"
EndProject
Project("{FAE04EC0-301F-11D3-BF4B-00C04F79EFBC}") = "Claims.Services", "Core\Claims.Services\Claims.Services.csproj", "{D91C9610-CC89-4E86-92CC-5794C3303B0B}"
	ProjectSection(ProjectDependencies) = postProject
		{688E4D9F-4693-4E82-87F7-ECA1C27BA443} = {688E4D9F-4693-4E82-87F7-ECA1C27BA443}
		{5BA5DACC-697F-40E1-B409-0CB2451AD5AB} = {5BA5DACC-697F-40E1-B409-0CB2451AD5AB}
	EndProjectSection
EndProject
Project("{FAE04EC0-301F-11D3-BF4B-00C04F79EFBC}") = "Claims.Db", "Core\Claims.Db\Claims.Db.csproj", "{5BA5DACC-697F-40E1-B409-0CB2451AD5AB}"
	ProjectSection(ProjectDependencies) = postProject
		{688E4D9F-4693-4E82-87F7-ECA1C27BA443} = {688E4D9F-4693-4E82-87F7-ECA1C27BA443}
	EndProjectSection
EndProject
Global
	GlobalSection(SolutionConfigurationPlatforms) = preSolution
		Debug|Any CPU = Debug|Any CPU
		Debug|ARM = Debug|ARM
		Debug|x64 = Debug|x64
		Debug|x86 = Debug|x86
		Release|Any CPU = Release|Any CPU
		Release|ARM = Release|ARM
		Release|x64 = Release|x64
		Release|x86 = Release|x86
	EndGlobalSection
	GlobalSection(ProjectConfigurationPlatforms) = postSolution
		{32AC56B0-1B14-4A74-8CF9-6970BE9F1DC4}.Debug|Any CPU.ActiveCfg = Debug|Any CPU
		{32AC56B0-1B14-4A74-8CF9-6970BE9F1DC4}.Debug|Any CPU.Build.0 = Debug|Any CPU
		{32AC56B0-1B14-4A74-8CF9-6970BE9F1DC4}.Debug|ARM.ActiveCfg = Debug|Any CPU
		{32AC56B0-1B14-4A74-8CF9-6970BE9F1DC4}.Debug|ARM.Build.0 = Debug|Any CPU
		{32AC56B0-1B14-4A74-8CF9-6970BE9F1DC4}.Debug|x64.ActiveCfg = Debug|Any CPU
		{32AC56B0-1B14-4A74-8CF9-6970BE9F1DC4}.Debug|x64.Build.0 = Debug|Any CPU
		{32AC56B0-1B14-4A74-8CF9-6970BE9F1DC4}.Debug|x86.ActiveCfg = Debug|Any CPU
		{32AC56B0-1B14-4A74-8CF9-6970BE9F1DC4}.Debug|x86.Build.0 = Debug|Any CPU
		{32AC56B0-1B14-4A74-8CF9-6970BE9F1DC4}.Release|Any CPU.ActiveCfg = Release|Any CPU
		{32AC56B0-1B14-4A74-8CF9-6970BE9F1DC4}.Release|Any CPU.Build.0 = Release|Any CPU
		{32AC56B0-1B14-4A74-8CF9-6970BE9F1DC4}.Release|ARM.ActiveCfg = Release|Any CPU
		{32AC56B0-1B14-4A74-8CF9-6970BE9F1DC4}.Release|ARM.Build.0 = Release|Any CPU
		{32AC56B0-1B14-4A74-8CF9-6970BE9F1DC4}.Release|x64.ActiveCfg = Release|Any CPU
		{32AC56B0-1B14-4A74-8CF9-6970BE9F1DC4}.Release|x64.Build.0 = Release|Any CPU
		{32AC56B0-1B14-4A74-8CF9-6970BE9F1DC4}.Release|x86.ActiveCfg = Release|Any CPU
		{32AC56B0-1B14-4A74-8CF9-6970BE9F1DC4}.Release|x86.Build.0 = Release|Any CPU
		{688E4D9F-4693-4E82-87F7-ECA1C27BA443}.Debug|Any CPU.ActiveCfg = Debug|Any CPU
		{688E4D9F-4693-4E82-87F7-ECA1C27BA443}.Debug|Any CPU.Build.0 = Debug|Any CPU
		{688E4D9F-4693-4E82-87F7-ECA1C27BA443}.Debug|ARM.ActiveCfg = Debug|Any CPU
		{688E4D9F-4693-4E82-87F7-ECA1C27BA443}.Debug|ARM.Build.0 = Debug|Any CPU
		{688E4D9F-4693-4E82-87F7-ECA1C27BA443}.Debug|x64.ActiveCfg = Debug|Any CPU
		{688E4D9F-4693-4E82-87F7-ECA1C27BA443}.Debug|x64.Build.0 = Debug|Any CPU
		{688E4D9F-4693-4E82-87F7-ECA1C27BA443}.Debug|x86.ActiveCfg = Debug|Any CPU
		{688E4D9F-4693-4E82-87F7-ECA1C27BA443}.Debug|x86.Build.0 = Debug|Any CPU
		{688E4D9F-4693-4E82-87F7-ECA1C27BA443}.Release|Any CPU.ActiveCfg = Release|Any CPU
		{688E4D9F-4693-4E82-87F7-ECA1C27BA443}.Release|Any CPU.Build.0 = Release|Any CPU
		{688E4D9F-4693-4E82-87F7-ECA1C27BA443}.Release|ARM.ActiveCfg = Release|Any CPU
		{688E4D9F-4693-4E82-87F7-ECA1C27BA443}.Release|ARM.Build.0 = Release|Any CPU
		{688E4D9F-4693-4E82-87F7-ECA1C27BA443}.Release|x64.ActiveCfg = Release|Any CPU
		{688E4D9F-4693-4E82-87F7-ECA1C27BA443}.Release|x64.Build.0 = Release|Any CPU
		{688E4D9F-4693-4E82-87F7-ECA1C27BA443}.Release|x86.ActiveCfg = Release|Any CPU
		{688E4D9F-4693-4E82-87F7-ECA1C27BA443}.Release|x86.Build.0 = Release|Any CPU
		{D91C9610-CC89-4E86-92CC-5794C3303B0B}.Debug|Any CPU.ActiveCfg = Debug|Any CPU
		{D91C9610-CC89-4E86-92CC-5794C3303B0B}.Debug|Any CPU.Build.0 = Debug|Any CPU
		{D91C9610-CC89-4E86-92CC-5794C3303B0B}.Debug|ARM.ActiveCfg = Debug|Any CPU
		{D91C9610-CC89-4E86-92CC-5794C3303B0B}.Debug|ARM.Build.0 = Debug|Any CPU
		{D91C9610-CC89-4E86-92CC-5794C3303B0B}.Debug|x64.ActiveCfg = Debug|Any CPU
		{D91C9610-CC89-4E86-92CC-5794C3303B0B}.Debug|x64.Build.0 = Debug|Any CPU
		{D91C9610-CC89-4E86-92CC-5794C3303B0B}.Debug|x86.ActiveCfg = Debug|Any CPU
		{D91C9610-CC89-4E86-92CC-5794C3303B0B}.Debug|x86.Build.0 = Debug|Any CPU
		{D91C9610-CC89-4E86-92CC-5794C3303B0B}.Release|Any CPU.ActiveCfg = Release|Any CPU
		{D91C9610-CC89-4E86-92CC-5794C3303B0B}.Release|Any CPU.Build.0 = Release|Any CPU
		{D91C9610-CC89-4E86-92CC-5794C3303B0B}.Release|ARM.ActiveCfg = Release|Any CPU
		{D91C9610-CC89-4E86-92CC-5794C3303B0B}.Release|ARM.Build.0 = Release|Any CPU
		{D91C9610-CC89-4E86-92CC-5794C3303B0B}.Release|x64.ActiveCfg = Release|Any CPU
		{D91C9610-CC89-4E86-92CC-5794C3303B0B}.Release|x64.Build.0 = Release|Any CPU
		{D91C9610-CC89-4E86-92CC-5794C3303B0B}.Release|x86.ActiveCfg = Release|Any CPU
		{D91C9610-CC89-4E86-92CC-5794C3303B0B}.Release|x86.Build.0 = Release|Any CPU
		{5BA5DACC-697F-40E1-B409-0CB2451AD5AB}.Debug|Any CPU.ActiveCfg = Debug|Any CPU
		{5BA5DACC-697F-40E1-B409-0CB2451AD5AB}.Debug|Any CPU.Build.0 = Debug|Any CPU
		{5BA5DACC-697F-40E1-B409-0CB2451AD5AB}.Debug|ARM.ActiveCfg = Debug|Any CPU
		{5BA5DACC-697F-40E1-B409-0CB2451AD5AB}.Debug|ARM.Build.0 = Debug|Any CPU
		{5BA5DACC-697F-40E1-B409-0CB2451AD5AB}.Debug|x64.ActiveCfg = Debug|Any CPU
		{5BA5DACC-697F-40E1-B409-0CB2451AD5AB}.Debug|x64.Build.0 = Debug|Any CPU
		{5BA5DACC-697F-40E1-B409-0CB2451AD5AB}.Debug|x86.ActiveCfg = Debug|Any CPU
		{5BA5DACC-697F-40E1-B409-0CB2451AD5AB}.Debug|x86.Build.0 = Debug|Any CPU
		{5BA5DACC-697F-40E1-B409-0CB2451AD5AB}.Release|Any CPU.ActiveCfg = Release|Any CPU
		{5BA5DACC-697F-40E1-B409-0CB2451AD5AB}.Release|Any CPU.Build.0 = Release|Any CPU
		{5BA5DACC-697F-40E1-B409-0CB2451AD5AB}.Release|ARM.ActiveCfg = Release|Any CPU
		{5BA5DACC-697F-40E1-B409-0CB2451AD5AB}.Release|ARM.Build.0 = Release|Any CPU
		{5BA5DACC-697F-40E1-B409-0CB2451AD5AB}.Release|x64.ActiveCfg = Release|Any CPU
		{5BA5DACC-697F-40E1-B409-0CB2451AD5AB}.Release|x64.Build.0 = Release|Any CPU
		{5BA5DACC-697F-40E1-B409-0CB2451AD5AB}.Release|x86.ActiveCfg = Release|Any CPU
		{5BA5DACC-697F-40E1-B409-0CB2451AD5AB}.Release|x86.Build.0 = Release|Any CPU
	EndGlobalSection
	GlobalSection(SolutionProperties) = preSolution
		HideSolutionNode = FALSE
	EndGlobalSection
	GlobalSection(NestedProjects) = preSolution
		{32AC56B0-1B14-4A74-8CF9-6970BE9F1DC4} = {D8EA0A0B-D442-4932-AB9E-945DF14DB0E3}
		{688E4D9F-4693-4E82-87F7-ECA1C27BA443} = {D9DE6998-6552-4464-B5E9-64B6A3EC811F}
		{D91C9610-CC89-4E86-92CC-5794C3303B0B} = {D9DE6998-6552-4464-B5E9-64B6A3EC811F}
		{5BA5DACC-697F-40E1-B409-0CB2451AD5AB} = {D9DE6998-6552-4464-B5E9-64B6A3EC811F}
	EndGlobalSection
EndGlobal
